// !$*UTF8*$!
{
	archiveVersion = 1;
	classes = {
	};
	objectVersion = 46;
	objects = {

/* Begin PBXBuildFile section */
		AC90B9B21E4A395B00FCE8F8 /* AppDelegate.swift in Sources */ = {isa = PBXBuildFile; fileRef = AC90B9B11E4A395B00FCE8F8 /* AppDelegate.swift */; };
		AC90B9B41E4A395B00FCE8F8 /* ViewController.swift in Sources */ = {isa = PBXBuildFile; fileRef = AC90B9B31E4A395B00FCE8F8 /* ViewController.swift */; };
		AC90B9B71E4A395B00FCE8F8 /* Main.storyboard in Resources */ = {isa = PBXBuildFile; fileRef = AC90B9B51E4A395B00FCE8F8 /* Main.storyboard */; };
		AC90B9B91E4A395B00FCE8F8 /* Assets.xcassets in Resources */ = {isa = PBXBuildFile; fileRef = AC90B9B81E4A395B00FCE8F8 /* Assets.xcassets */; };
		AC90B9BC1E4A395B00FCE8F8 /* LaunchScreen.storyboard in Resources */ = {isa = PBXBuildFile; fileRef = AC90B9BA1E4A395B00FCE8F8 /* LaunchScreen.storyboard */; };
		ACEFBF741E5F6EB600FA794C /* PuzzleView.swift in Sources */ = {isa = PBXBuildFile; fileRef = ACEFBF731E5F6EB600FA794C /* PuzzleView.swift */; };
/* End PBXBuildFile section */

/* Begin PBXFileReference section */
		AC90B9AE1E4A395B00FCE8F8 /* Sudoku.app */ = {isa = PBXFileReference; explicitFileType = wrapper.application; includeInIndex = 0; path = Sudoku.app; sourceTree = BUILT_PRODUCTS_DIR; };
		AC90B9B11E4A395B00FCE8F8 /* AppDelegate.swift */ = {isa = PBXFileReference; lastKnownFileType = sourcecode.swift; path = AppDelegate.swift; sourceTree = "<group>"; };
		AC90B9B31E4A395B00FCE8F8 /* ViewController.swift */ = {isa = PBXFileReference; lastKnownFileType = sourcecode.swift; path = ViewController.swift; sourceTree = "<group>"; };
		AC90B9B61E4A395B00FCE8F8 /* Base */ = {isa = PBXFileReference; lastKnownFileType = file.storyboard; name = Base; path = Base.lproj/Main.storyboard; sourceTree = "<group>"; };
		AC90B9B81E4A395B00FCE8F8 /* Assets.xcassets */ = {isa = PBXFileReference; lastKnownFileType = folder.assetcatalog; path = Assets.xcassets; sourceTree = "<group>"; };
		AC90B9BB1E4A395B00FCE8F8 /* Base */ = {isa = PBXFileReference; lastKnownFileType = file.storyboard; name = Base; path = Base.lproj/LaunchScreen.storyboard; sourceTree = "<group>"; };
		AC90B9BD1E4A395B00FCE8F8 /* Info.plist */ = {isa = PBXFileReference; lastKnownFileType = text.plist.xml; path = Info.plist; sourceTree = "<group>"; };
		ACEFBF731E5F6EB600FA794C /* PuzzleView.swift */ = {isa = PBXFileReference; fileEncoding = 4; lastKnownFileType = sourcecode.swift; path = PuzzleView.swift; sourceTree = "<group>"; };
/* End PBXFileReference section */

/* Begin PBXFrameworksBuildPhase section */
		AC90B9AB1E4A395B00FCE8F8 /* Frameworks */ = {
			isa = PBXFrameworksBuildPhase;
			buildActionMask = 2147483647;
			files = (
			);
			runOnlyForDeploymentPostprocessing = 0;
		};
/* End PBXFrameworksBuildPhase section */

/* Begin PBXGroup section */
		AC90B9A51E4A395B00FCE8F8 = {
			isa = PBXGroup;
			children = (
				AC90B9B01E4A395B00FCE8F8 /* Sudoku */,
				AC90B9AF1E4A395B00FCE8F8 /* Products */,
			);
			sourceTree = "<group>";
		};
		AC90B9AF1E4A395B00FCE8F8 /* Products */ = {
			isa = PBXGroup;
			children = (
				AC90B9AE1E4A395B00FCE8F8 /* Sudoku.app */,
			);
			name = Products;
			sourceTree = "<group>";
		};
		AC90B9B01E4A395B00FCE8F8 /* Sudoku */ = {
			isa = PBXGroup;
			children = (
				AC90B9B11E4A395B00FCE8F8 /* AppDelegate.swift */,
				AC90B9B31E4A395B00FCE8F8 /* ViewController.swift */,
				ACEFBF731E5F6EB600FA794C /* PuzzleView.swift */,
				AC90B9B51E4A395B00FCE8F8 /* Main.storyboard */,
				AC90B9B81E4A395B00FCE8F8 /* Assets.xcassets */,
				AC90B9BA1E4A395B00FCE8F8 /* LaunchScreen.storyboard */,
				AC90B9BD1E4A395B00FCE8F8 /* Info.plist */,
			);
			path = Sudoku;
			sourceTree = "<group>";
		};
/* End PBXGroup section */

/* Begin PBXNativeTarget section */
		AC90B9AD1E4A395B00FCE8F8 /* Sudoku */ = {
			isa = PBXNativeTarget;
			buildConfigurationList = AC90B9C01E4A395B00FCE8F8 /* Build configuration list for PBXNativeTarget "Sudoku" */;
			buildPhases = (
				AC90B9AA1E4A395B00FCE8F8 /* Sources */,
				AC90B9AB1E4A395B00FCE8F8 /* Frameworks */,
				AC90B9AC1E4A395B00FCE8F8 /* Resources */,
			);
			buildRules = (
			);
			dependencies = (
			);
			name = Sudoku;
			productName = SudokuLayout;
			productReference = AC90B9AE1E4A395B00FCE8F8 /* Sudoku.app */;
			productType = "com.apple.product-type.application";
		};
/* End PBXNativeTarget section */

/* Begin PBXProject section */
		AC90B9A61E4A395B00FCE8F8 /* Project object */ = {
			isa = PBXProject;
			attributes = {
				LastSwiftUpdateCheck = 0820;
				LastUpgradeCheck = 0820;
				ORGANIZATIONNAME = "Stephen Paul Brown";
				TargetAttributes = {
					AC90B9AD1E4A395B00FCE8F8 = {
						CreatedOnToolsVersion = 8.2.1;
						ProvisioningStyle = Automatic;
					};
				};
			};
			buildConfigurationList = AC90B9A91E4A395B00FCE8F8 /* Build configuration list for PBXProject "Sudoku" */;
			compatibilityVersion = "Xcode 3.2";
			developmentRegion = English;
			hasScannedForEncodings = 0;
			knownRegions = (
				en,
				Base,
			);
			mainGroup = AC90B9A51E4A395B00FCE8F8;
			productRefGroup = AC90B9AF1E4A395B00FCE8F8 /* Products */;
			projectDirPath = "";
			projectRoot = "";
			targets = (
				AC90B9AD1E4A395B00FCE8F8 /* Sudoku */,
			);
		};
/* End PBXProject section */

/* Begin PBXResourcesBuildPhase section */
		AC90B9AC1E4A395B00FCE8F8 /* Resources */ = {
			isa = PBXResourcesBuildPhase;
			buildActionMask = 2147483647;
			files = (
				AC90B9BC1E4A395B00FCE8F8 /* LaunchScreen.storyboard in Resources */,
				AC90B9B91E4A395B00FCE8F8 /* Assets.xcassets in Resources */,
				AC90B9B71E4A395B00FCE8F8 /* Main.storyboard in Resources */,
			);
			runOnlyForDeploymentPostprocessing = 0;
		};
/* End PBXResourcesBuildPhase section */

/* Begin PBXSourcesBuildPhase section */
		AC90B9AA1E4A395B00FCE8F8 /* Sources */ = {
			isa = PBXSourcesBuildPhase;
			buildActionMask = 2147483647;
			files = (
				AC90B9B41E4A395B00FCE8F8 /* ViewController.swift in Sources */,
				AC90B9B21E4A395B00FCE8F8 /* AppDelegate.swift in Sources */,
				ACEFBF741E5F6EB600FA794C /* PuzzleView.swift in Sources */,
			);
			runOnlyForDeploymentPostprocessing = 0;
		};
/* End PBXSourcesBuildPhase section */

/* Begin PBXVariantGroup section */
		AC90B9B51E4A395B00FCE8F8 /* Main.storyboard */ = {
			isa = PBXVariantGroup;
			children = (
				AC90B9B61E4A395B00FCE8F8 /* Base */,
			);
			name = Main.storyboard;
			sourceTree = "<group>";
		};
		AC90B9BA1E4A395B00FCE8F8 /* LaunchScreen.storyboard */ = {
			isa = PBXVariantGroup;
			children = (
				AC90B9BB1E4A395B00FCE8F8 /* Base */,
			);
			name = LaunchScreen.storyboard;
			sourceTree = "<group>";
		};
/* End PBXVariantGroup section */

/* Begin XCBuildConfiguration section */
		AC90B9BE1E4A395B00FCE8F8 /* Debug */ = {
			isa = XCBuildConfiguration;
			buildSettings = {
				ALWAYS_SEARCH_USER_PATHS = NO;
				CLANG_ANALYZER_NONNULL = YES;
				CLANG_CXX_LANGUAGE_STANDARD = "gnu++0x";
				CLANG_CXX_LIBRARY = "libc++";
				CLANG_ENABLE_MODULES = YES;
				CLANG_ENABLE_OBJC_ARC = YES;
				CLANG_WARN_BOOL_CONVERSION = YES;
				CLANG_WARN_CONSTANT_CONVERSION = YES;
				CLANG_WARN_DIRECT_OBJC_ISA_USAGE = YES_ERROR;
				CLANG_WARN_DOCUMENTATION_COMMENTS = YES;
				CLANG_WARN_EMPTY_BODY = YES;
				CLANG_WARN_ENUM_CONVERSION = YES;
				CLANG_WARN_INFINITE_RECURSION = YES;
				CLANG_WARN_INT_CONVERSION = YES;
				CLANG_WARN_OBJC_ROOT_CLASS = YES_ERROR;
				CLANG_WARN_SUSPICIOUS_MOVE = YES;
				CLANG_WARN_UNREACHABLE_CODE = YES;
				CLANG_WARN__DUPLICATE_METHOD_MATCH = YES;
				"CODE_SIGN_IDENTITY[sdk=iphoneos*]" = "iPhone Developer";
				COPY_PHASE_STRIP = NO;
				DEBUG_INFORMATION_FORMAT = dwarf;
				ENABLE_STRICT_OBJC_MSGSEND = YES;
				ENABLE_TESTABILITY = YES;
				GCC_C_LANGUAGE_STANDARD = gnu99;
				GCC_DYNAMIC_NO_PIC = NO;
				GCC_NO_COMMON_BLOCKS = YES;
				GCC_OPTIMIZATION_LEVEL = 0;
				GCC_PREPROCESSOR_DEFINITIONS = (
					"DEBUG=1",
					"$(inherited)",
				);
				GCC_WARN_64_TO_32_BIT_CONVERSION = YES;
				GCC_WARN_ABOUT_RETURN_TYPE = YES_ERROR;
				GCC_WARN_UNDECLARED_SELECTOR = YES;
				GCC_WARN_UNINITIALIZED_AUTOS = YES_AGGRESSIVE;
				GCC_WARN_UNUSED_FUNCTION = YES;
				GCC_WARN_UNUSED_VARIABLE = YES;
				IPHONEOS_DEPLOYMENT_TARGET = 10.2;
				MTL_ENABLE_DEBUG_INFO = YES;
				ONLY_ACTIVE_ARCH = YES;
				SDKROOT = iphoneos;
				SWIFT_ACTIVE_COMPILATION_CONDITIONS = DEBUG;
				SWIFT_OPTIMIZATION_LEVEL = "-Onone";
				TARGETED_DEVICE_FAMILY = "1,2";
			};
			name = Debug;
		};
		AC90B9BF1E4A395B00FCE8F8 /* Release */ = {
			isa = XCBuildConfiguration;
			buildSettings = {
				ALWAYS_SEARCH_USER_PATHS = NO;
				CLANG_ANALYZER_NONNULL = YES;
				CLANG_CXX_LANGUAGE_STANDARD = "gnu++0x";
				CLANG_CXX_LIBRARY = "libc++";
				CLANG_ENABLE_MODULES = YES;
				CLANG_ENABLE_OBJC_ARC = YES;
				CLANG_WARN_BOOL_CONVERSION = YES;
				CLANG_WARN_CONSTANT_CONVERSION = YES;
				CLANG_WARN_DIRECT_OBJC_ISA_USAGE = YES_ERROR;
				CLANG_WARN_DOCUMENTATION_COMMENTS = YES;
				CLANG_WARN_EMPTY_BODY = YES;
				CLANG_WARN_ENUM_CONVERSION = YES;
				CLANG_WARN_INFINITE_RECURSION = YES;
				CLANG_WARN_INT_CONVERSION = YES;
				CLANG_WARN_OBJC_ROOT_CLASS = YES_ERROR;
				CLANG_WARN_SUSPICIOUS_MOVE = YES;
				CLANG_WARN_UNREACHABLE_CODE = YES;
				CLANG_WARN__DUPLICATE_METHOD_MATCH = YES;
				"CODE_SIGN_IDENTITY[sdk=iphoneos*]" = "iPhone Developer";
				COPY_PHASE_STRIP = NO;
				DEBUG_INFORMATION_FORMAT = "dwarf-with-dsym";
				ENABLE_NS_ASSERTIONS = NO;
				ENABLE_STRICT_OBJC_MSGSEND = YES;
				GCC_C_LANGUAGE_STANDARD = gnu99;
				GCC_NO_COMMON_BLOCKS = YES;
				GCC_WARN_64_TO_32_BIT_CONVERSION = YES;
				GCC_WARN_ABOUT_RETURN_TYPE = YES_ERROR;
				GCC_WARN_UNDECLARED_SELECTOR = YES;
				GCC_WARN_UNINITIALIZED_AUTOS = YES_AGGRESSIVE;
				GCC_WARN_UNUSED_FUNCTION = YES;
				GCC_WARN_UNUSED_VARIABLE = YES;
				IPHONEOS_DEPLOYMENT_TARGET = 10.2;
				MTL_ENABLE_DEBUG_INFO = NO;
				SDKROOT = iphoneos;
				SWIFT_OPTIMIZATION_LEVEL = "-Owholemodule";
				TARGETED_DEVICE_FAMILY = "1,2";
				VALIDATE_PRODUCT = YES;
			};
			name = Release;
		};
		AC90B9C11E4A395B00FCE8F8 /* Debug */ = {
			isa = XCBuildConfiguration;
			buildSettings = {
				ASSETCATALOG_COMPILER_APPICON_NAME = AppIcon;
				INFOPLIST_FILE = Sudoku/Info.plist;
				LD_RUNPATH_SEARCH_PATHS = "$(inherited) @executable_path/Frameworks";
				PRODUCT_BUNDLE_IDENTIFIER = edu.wsu.vancouver.Sudoku;
				PRODUCT_NAME = "$(TARGET_NAME)";
				SWIFT_VERSION = 3.0;
			};
			name = Debug;
		};
		AC90B9C21E4A395B00FCE8F8 /* Release */ = {
			isa = XCBuildConfiguration;
			buildSettings = {
				ASSETCATALOG_COMPILER_APPICON_NAME = AppIcon;
				INFOPLIST_FILE = Sudoku/Info.plist;
				LD_RUNPATH_SEARCH_PATHS = "$(inherited) @executable_path/Frameworks";
				PRODUCT_BUNDLE_IDENTIFIER = edu.wsu.vancouver.Sudoku;
				PRODUCT_NAME = "$(TARGET_NAME)";
				SWIFT_VERSION = 3.0;
			};
			name = Release;
		};
/* End XCBuildConfiguration section */

/* Begin XCConfigurationList section */
		AC90B9A91E4A395B00FCE8F8 /* Build configuration list for PBXProject "Sudoku" */ = {
			isa = XCConfigurationList;
			buildConfigurations = (
				AC90B9BE1E4A395B00FCE8F8 /* Debug */,
				AC90B9BF1E4A395B00FCE8F8 /* Release */,
			);
			defaultConfigurationIsVisible = 0;
			defaultConfigurationName = Release;
		};
		AC90B9C01E4A395B00FCE8F8 /* Build configuration list for PBXNativeTarget "Sudoku" */ = {
			isa = XCConfigurationList;
			buildConfigurations = (
				AC90B9C11E4A395B00FCE8F8 /* Debug */,
				AC90B9C21E4A395B00FCE8F8 /* Release */,
			);
			defaultConfigurationIsVisible = 0;
			defaultConfigurationName = Release;
		};
/* End XCConfigurationList section */
	};
	rootObject = AC90B9A61E4A395B00FCE8F8 /* Project object */;
}
